{
  "name": "ericmedvet.github.io",
  "lockfileVersion": 2,
  "requires": true,
  "packages": {
    "": {
      "dependencies": {
        "stopword": "^1.0.7"
      }
    },
    "node_modules/stopword": {
      "version": "1.0.7",
      "resolved": "https://registry.npmjs.org/stopword/-/stopword-1.0.7.tgz",
      "integrity": "sha512-KKPM5LGeulAxoNrg384AfNSoUvphG87sgj/vTHOkJ5M5U7hO99XA6Sl0HBhtCBv17Tv3kQPLj+5fCt7cadjXWQ=="
    }
  },
  "dependencies": {
    "stopword": {
      "version": "1.0.7",
      "resolved": "https://registry.npmjs.org/stopword/-/stopword-1.0.7.tgz",
      "integrity": "sha512-KKPM5LGeulAxoNrg384AfNSoUvphG87sgj/vTHOkJ5M5U7hO99XA6Sl0HBhtCBv17Tv3kQPLj+5fCt7cadjXWQ=="
    }
  }
}
