{
  "requires": true,
  "lockfileVersion": 1,
  "dependencies": {
    "stopword": {
      "version": "1.0.6",
      "resolved": "https://registry.npmjs.org/stopword/-/stopword-1.0.6.tgz",
      "integrity": "sha512-8ff3zaY1mLOQGSL/lzl9K6nMHbpFEalscwBtTbh8hWjPbkyPcntr25+PVB251xWGX1rUjDLzPWIw38ZcKJ+GAw=="
    }
  }
}
